{
  "name": "@oxide/remix-auth-rfd",
  "version": "0.1.6",
  "lockfileVersion": 3,
  "requires": true,
  "packages": {
    "": {
      "name": "@oxide/remix-auth-rfd",
      "version": "0.1.6",
      "license": "MPL-2.0",
      "dependencies": {
        "@oxide/rfd.ts": "^0.15.0",
        "remix-auth-oauth2": "^3.4.1"
      },
      "devDependencies": {
        "tsdown": "^0.23.0",
        "typescript": "^6.0.3"
      },
      "engines": {
        "node": ">=24"
      },
      "peerDependencies": {
        "react-router": "^8.3.0",
        "remix-auth": "^4.0.0"
      }
    },
    "node_modules/@edgefirst-dev/data": {
      "version": "0.0.4",
      "resolved": "https://registry.npmjs.org/@edgefirst-dev/data/-/data-0.0.4.tgz",
      "integrity": "sha512-VLhlvEPDJ0Sd0pE6sAYTQkIqZCXVonaWlgRJIQQHzfjTXCadF77qqHj5NxaPSc4wCul0DJO/0MnejVqJAXUiRg==",
      "funding": [
        "https://github.com/sponsors/sergiodxa"
      ],
      "license": "MIT",
      "engines": {
        "node": ">=20.0.0"
      }
    },
    "node_modules/@mjackson/headers": {
      "version": "0.10.0",
      "resolved": "https://registry.npmjs.org/@mjackson/headers/-/headers-0.10.0.tgz",
      "integrity": "sha512-U1Eu1gF979k7ZoIBsJyD+T5l9MjtPONsZfoXfktsQHPJD0s7SokBGx+tLKDLsOY+gzVYAWS0yRFDNY8cgbQzWQ==",
      "license": "MIT"
    },
    "node_modules/@oslojs/asn1": {
      "version": "1.0.0",
      "resolved": "https://registry.npmjs.org/@oslojs/asn1/-/asn1-1.0.0.tgz",
      "integrity": "sha512-zw/wn0sj0j0QKbIXfIlnEcTviaCzYOY3V5rAyjR6YtOByFtJiT574+8p9Wlach0lZH9fddD4yb9laEAIl4vXQA==",
      "license": "MIT",
      "dependencies": {
        "@oslojs/binary": "1.0.0"
      }
    },
    "node_modules/@oslojs/binary": {
      "version": "1.0.0",
      "resolved": "https://registry.npmjs.org/@oslojs/binary/-/binary-1.0.0.tgz",
      "integrity": "sha512-9RCU6OwXU6p67H4NODbuxv2S3eenuQ4/WFLrsq+K/k682xrznH5EVWA7N4VFk9VYVcbFtKqur5YQQZc0ySGhsQ==",
      "license": "MIT"
    },
    "node_modules/@oslojs/crypto": {
      "version": "1.0.1",
      "resolved": "https://registry.npmjs.org/@oslojs/crypto/-/crypto-1.0.1.tgz",
      "integrity": "sha512-7n08G8nWjAr/Yu3vu9zzrd0L9XnrJfpMioQcvCMxBIiF5orECHe5/3J0jmXRVvgfqMm/+4oxlQ+Sq39COYLcNQ==",
      "license": "MIT",
      "dependencies": {
        "@oslojs/asn1": "1.0.0",
        "@oslojs/binary": "1.0.0"
      }
    },
    "node_modules/@oslojs/encoding": {
      "version": "1.1.0",
      "resolved": "https://registry.npmjs.org/@oslojs/encoding/-/encoding-1.1.0.tgz",
      "integrity": "sha512-70wQhgYmndg4GCPxPPxPGevRKqTIJ2Nh4OkiMWmDAVYsTQ+Ta7Sq+rPevXyXGdzr30/qZBnyOalCszoMxlyldQ==",
      "license": "MIT"
    },
    "node_modules/@oslojs/jwt": {
      "version": "0.2.0",
      "resolved": "https://registry.npmjs.org/@oslojs/jwt/-/jwt-0.2.0.tgz",
      "integrity": "sha512-bLE7BtHrURedCn4Mco3ma9L4Y1GR2SMBuIvjWr7rmQ4/W/4Jy70TIAgZ+0nIlk0xHz1vNP8x8DCns45Sb2XRbg==",
      "license": "MIT",
      "dependencies": {
        "@oslojs/encoding": "0.4.1"
      }
    },
    "node_modules/@oslojs/jwt/node_modules/@oslojs/encoding": {
      "version": "0.4.1",
      "resolved": "https://registry.npmjs.org/@oslojs/encoding/-/encoding-0.4.1.tgz",
      "integrity": "sha512-hkjo6MuIK/kQR5CrGNdAPZhS01ZCXuWDRJ187zh6qqF2+yMHZpD9fAYpX8q2bOO6Ryhl3XpCT6kUX76N8hhm4Q==",
      "license": "MIT"
    },
    "node_modules/@oxc-project/types": {
      "version": "0.150.0",
      "resolved": "https://registry.npmjs.org/@oxc-project/types/-/types-0.150.0.tgz",
      "integrity": "sha512-rDS5/31E9HfPl/CIzGrn0DOlvBbXFseQ5URJ9sYMfstbKLD/c6Gm9vmRzRGDdAXyOIL4zmO37lc9RIwYqVruZw==",
      "dev": true,
      "license": "MIT",
      "funding": {
        "url": "https://github.com/sponsors/oxc-project"
      }
    },
    "node_modules/@oxide/rfd.ts": {
      "version": "0.15.5",
      "resolved": "https://registry.npmjs.org/@oxide/rfd.ts/-/rfd.ts-0.15.5.tgz",
      "integrity": "sha512-Vonl3ATrCauIDpl9b0Mp47GwLXhnHkQ+/OD3ke1m0B2bwiP/fmRFyX1rMm8U8VPEWIDa2Mo58yRMJknh8p+oJg==",
      "license": "MPL-2.0",
      "engines": {
        "node": ">=18"
      },
      "peerDependencies": {
        "zod": "^4.0.0"
      }
    },
    "node_modules/@quansync/fs": {
      "version": "1.0.0",
      "resolved": "https://registry.npmjs.org/@quansync/fs/-/fs-1.0.0.tgz",
      "integrity": "sha512-4TJ3DFtlf1L5LDMaM6CanJ/0lckGNtJcMjQ1NAV6zDmA0tEHKZtxNKin8EgPaVX1YzljbxckyT2tJrpQKAtngQ==",
      "dev": true,
      "license": "MIT",
      "dependencies": {
        "quansync": "^1.0.0"
      },
      "funding": {
        "url": "https://github.com/sponsors/sxzz"
      }
    },
    "node_modules/@rolldown/binding-android-arm-eabi": {
      "version": "1.2.9",
      "resolved": "https://registry.npmjs.org/@rolldown/binding-android-arm-eabi/-/binding-android-arm-eabi-1.2.9.tgz",
      "integrity": "sha512-tNISae1QEf/vkb3xkRcjV5SEdzPE97We5IVaa2Z8jSszQPZ8U60B/YCYpw4QI7VidYsBtKavczXf+DyDs9WGxw==",
      "cpu": [
        "arm"
      ],
      "dev": true,
      "license": "MIT",
      "optional": true,
      "os": [
        "android"
      ],
      "engines": {
        "node": "^20.19.0 || >=22.12.0"
      }
    },
    "node_modules/@rolldown/binding-android-arm64": {
      "version": "1.2.9",
      "resolved": "https://registry.npmjs.org/@rolldown/binding-android-arm64/-/binding-android-arm64-1.2.9.tgz",
      "integrity": "sha512-YC8YsI30o606GTZi0VyzYlsDKFP8W61i/QzayHDkLbNEz/IShqAmTa+hsJRj13xTHA0H+6fk4b2UmGn+Q/cMlg==",
      "cpu": [
        "arm64"
      ],
      "dev": true,
      "license": "MIT",
      "optional": true,
      "os": [
        "android"
      ],
      "engines": {
        "node": "^20.19.0 || >=22.12.0"
      }
    },
    "node_modules/@rolldown/binding-darwin-arm64": {
      "version": "1.2.9",
      "resolved": "https://registry.npmjs.org/@rolldown/binding-darwin-arm64/-/binding-darwin-arm64-1.2.9.tgz",
      "integrity": "sha512-IwhlH3qK5urrY8hZiEgGkHKEFN901p/p2bjxCxJlr4GyNnF7wYpUvK+Y43uaRYuC4hpfjzbR3SJC3arX1jGvmw==",
      "cpu": [
        "arm64"
      ],
      "dev": true,
      "license": "MIT",
      "optional": true,
      "os": [
        "darwin"
      ],
      "engines": {
        "node": "^20.19.0 || >=22.12.0"
      }
    },
    "node_modules/@rolldown/binding-darwin-x64": {
      "version": "1.2.9",
      "resolved": "https://registry.npmjs.org/@rolldown/binding-darwin-x64/-/binding-darwin-x64-1.2.9.tgz",
      "integrity": "sha512-XxpJfVzFh+jilRxIXUqcfYAYcunIc/XEzIizsOL1fcJee5Sf7H3mH8WlLmfHfluz5amqR88QQo9izKtmMlavAw==",
      "cpu": [
        "x64"
      ],
      "dev": true,
      "license": "MIT",
      "optional": true,
      "os": [
        "darwin"
      ],
      "engines": {
        "node": "^20.19.0 || >=22.12.0"
      }
    },
    "node_modules/@rolldown/binding-freebsd-x64": {
      "version": "1.2.9",
      "resolved": "https://registry.npmjs.org/@rolldown/binding-freebsd-x64/-/binding-freebsd-x64-1.2.9.tgz",
      "integrity": "sha512-kSfvhmgeWyfkbT3p/1s5vSgboogoah2zkm9fX2zjg2hHxSV7T4KhMWRUUaRk4OXNqoD3QAUeRqLcs1aZOK4U1g==",
      "cpu": [
        "x64"
      ],
      "dev": true,
      "license": "MIT",
      "optional": true,
      "os": [
        "freebsd"
      ],
      "engines": {
        "node": "^20.19.0 || >=22.12.0"
      }
    },
    "node_modules/@rolldown/binding-linux-arm-gnueabihf": {
      "version": "1.2.9",
      "resolved": "https://registry.npmjs.org/@rolldown/binding-linux-arm-gnueabihf/-/binding-linux-arm-gnueabihf-1.2.9.tgz",
      "integrity": "sha512-1RVzG17pxqbTfYLC352JlLt6kKLG+6Hr30n8DlIJqsnV5luUDd2Qdx9Ayw1Cabfyb1K9k0jXEZ7evxkRoT+uiw==",
      "cpu": [
        "arm"
      ],
      "dev": true,
      "license": "MIT",
      "optional": true,
      "os": [
        "linux"
      ],
      "engines": {
        "node": "^20.19.0 || >=22.12.0"
      }
    },
    "node_modules/@rolldown/binding-linux-arm64-gnu": {
      "version": "1.2.9",
      "resolved": "https://registry.npmjs.org/@rolldown/binding-linux-arm64-gnu/-/binding-linux-arm64-gnu-1.2.9.tgz",
      "integrity": "sha512-BXqPvZ2drqVD+/Z8UpKwcs4Mp7grM+eGFku4CAEKrEtcbAsUpzREphK1sogCRZGreVPiMkiiBtw0n3TPteuqvw==",
      "cpu": [
        "arm64"
      ],
      "dev": true,
      "libc": [
        "glibc"
      ],
      "license": "MIT",
      "optional": true,
      "os": [
        "linux"
      ],
      "engines": {
        "node": "^20.19.0 || >=22.12.0"
      }
    },
    "node_modules/@rolldown/binding-linux-arm64-musl": {
      "version": "1.2.9",
      "resolved": "https://registry.npmjs.org/@rolldown/binding-linux-arm64-musl/-/binding-linux-arm64-musl-1.2.9.tgz",
      "integrity": "sha512-11vWvo8YDwLzukt27J3aYDWU+gg2P7J+ZOmiJ0hkF5BXZDW7pVya7r40MXDy6ya0i9KamoENSVKIugvJNgFXIA==",
      "cpu": [
        "arm64"
      ],
      "dev": true,
      "libc": [
        "musl"
      ],
      "license": "MIT",
      "optional": true,
      "os": [
        "linux"
      ],
      "engines": {
        "node": "^20.19.0 || >=22.12.0"
      }
    },
    "node_modules/@rolldown/binding-linux-ppc64-gnu": {
      "version": "1.2.9",
      "resolved": "https://registry.npmjs.org/@rolldown/binding-linux-ppc64-gnu/-/binding-linux-ppc64-gnu-1.2.9.tgz",
      "integrity": "sha512-a1tijMkdwsIARtc0F39ApURROkf3NwqinI6TOiSSWCTR7dT96dffNvMUtDHnq64wKNTIZOIlzKrFvvFUznJiyw==",
      "cpu": [
        "ppc64"
      ],
      "dev": true,
      "libc": [
        "glibc"
      ],
      "license": "MIT",
      "optional": true,
      "os": [
        "linux"
      ],
      "engines": {
        "node": "^20.19.0 || >=22.12.0"
      }
    },
    "node_modules/@rolldown/binding-linux-s390x-gnu": {
      "version": "1.2.9",
      "resolved": "https://registry.npmjs.org/@rolldown/binding-linux-s390x-gnu/-/binding-linux-s390x-gnu-1.2.9.tgz",
      "integrity": "sha512-x6SQNdAvv4c3hWqTMaWuawzMX9myaCs/yEmlGsxJzkdClnHW7FbrjQuSiRDhuSYzEYoEMhsaJy9qHG/XNemJPQ==",
      "cpu": [
        "s390x"
      ],
      "dev": true,
      "libc": [
        "glibc"
      ],
      "license": "MIT",
      "optional": true,
      "os": [
        "linux"
      ],
      "engines": {
        "node": "^20.19.0 || >=22.12.0"
      }
    },
    "node_modules/@rolldown/binding-linux-x64-gnu": {
      "version": "1.2.9",
      "resolved": "https://registry.npmjs.org/@rolldown/binding-linux-x64-gnu/-/binding-linux-x64-gnu-1.2.9.tgz",
      "integrity": "sha512-9s0AZ8BFK5/n7B/TBoa2yJE3gI3KURrbXcPBlsAsvjU4VeJKgE90y1YtNxyEUIcHPQkg6/yfF3qihUrcM/Kf0Q==",
      "cpu": [
        "x64"
      ],
      "dev": true,
      "libc": [
        "glibc"
      ],
      "license": "MIT",
      "optional": true,
      "os": [
        "linux"
      ],
      "engines": {
        "node": "^20.19.0 || >=22.12.0"
      }
    },
    "node_modules/@rolldown/binding-linux-x64-musl": {
      "version": "1.2.9",
      "resolved": "https://registry.npmjs.org/@rolldown/binding-linux-x64-musl/-/binding-linux-x64-musl-1.2.9.tgz",
      "integrity": "sha512-P7VWAmV+WdJluH7ovnRGoiv2i8To7GAZ+kGzfGup635cyL7SyYl3lSUaA3Gp5THf0n/Co5EyEqb2zbqq+nMOHQ==",
      "cpu": [
        "x64"
      ],
      "dev": true,
      "libc": [
        "musl"
      ],
      "license": "MIT",
      "optional": true,
      "os": [
        "linux"
      ],
      "engines": {
        "node": "^20.19.0 || >=22.12.0"
      }
    },
    "node_modules/@rolldown/binding-openharmony-arm64": {
      "version": "1.2.9",
      "resolved": "https://registry.npmjs.org/@rolldown/binding-openharmony-arm64/-/binding-openharmony-arm64-1.2.9.tgz",
      "integrity": "sha512-1qixtsE4BK8h+yS3BfmZ09UhA7O/N4IACva6YBr7EBvCJraByTuRcgOTaiA62Tm0vey3UcKXLOaoGHtYmNGEVg==",
      "cpu": [
        "arm64"
      ],
      "dev": true,
      "license": "MIT",
      "optional": true,
      "os": [
        "openharmony"
      ],
      "engines": {
        "node": "^20.19.0 || >=22.12.0"
      }
    },
    "node_modules/@rolldown/binding-win32-arm64-msvc": {
      "version": "1.2.9",
      "resolved": "https://registry.npmjs.org/@rolldown/binding-win32-arm64-msvc/-/binding-win32-arm64-msvc-1.2.9.tgz",
      "integrity": "sha512-ok8IQjcEPs1AKZfuEUznVBrJw+gK4soq+bx8b1X2XoMqVClarc1q5JDmVtWXY1xfr6ZuHTAsPXHTgTrqKTZeww==",
      "cpu": [
        "arm64"
      ],
      "dev": true,
      "license": "MIT",
      "optional": true,
      "os": [
        "win32"
      ],
      "engines": {
        "node": "^20.19.0 || >=22.12.0"
      }
    },
    "node_modules/@rolldown/binding-win32-x64-msvc": {
      "version": "1.2.9",
      "resolved": "https://registry.npmjs.org/@rolldown/binding-win32-x64-msvc/-/binding-win32-x64-msvc-1.2.9.tgz",
      "integrity": "sha512-Ip2mXoU0hM0boq3Rf+ekuT653OROSo6aSYcPT1VHE4q52KvyxgFkQgrgb/IEsxOuvQ2fZZbs8khJAyCEPM24/g==",
      "cpu": [
        "x64"
      ],
      "dev": true,
      "license": "MIT",
      "optional": true,
      "os": [
        "win32"
      ],
      "engines": {
        "node": "^20.19.0 || >=22.12.0"
      }
    },
    "node_modules/@rolldown/pluginutils": {
      "version": "1.0.1",
      "resolved": "https://registry.npmjs.org/@rolldown/pluginutils/-/pluginutils-1.0.1.tgz",
      "integrity": "sha512-2j9bGt5Jh8hj+vPtgzPtl72j0yRxHAyumoo6TNfAjsLB04UtpSvPbPcDcBMxz7n+9CYB0c1GxQFxYRg2jimqGw==",
      "dev": true,
      "license": "MIT"
    },
    "node_modules/@yuku-codegen/binding-android-arm64": {
      "version": "0.10.2",
      "resolved": "https://registry.npmjs.org/@yuku-codegen/binding-android-arm64/-/binding-android-arm64-0.10.2.tgz",
      "integrity": "sha512-Oc2KInVkPfUjEB4PeV6X0NvIoyYTzDe/WmqFrTwBqKs6YKnz4A7XwWQvJTb7M0rLz9a6WgpUUiiS5QKaCi4O/g==",
      "cpu": [
        "arm64"
      ],
      "dev": true,
      "license": "MIT",
      "optional": true,
      "os": [
        "android"
      ]
    },
    "node_modules/@yuku-codegen/binding-darwin-arm64": {
      "version": "0.10.2",
      "resolved": "https://registry.npmjs.org/@yuku-codegen/binding-darwin-arm64/-/binding-darwin-arm64-0.10.2.tgz",
      "integrity": "sha512-3H7eNPIHJndUJXZ4QUGBPq1zC6RGcUZfm7bymJes+/N7wTVWUn1bxZ9JcozYHpkWQNm9f23G8YWbaHD9aYH72A==",
      "cpu": [
        "arm64"
      ],
      "dev": true,
      "license": "MIT",
      "optional": true,
      "os": [
        "darwin"
      ]
    },
    "node_modules/@yuku-codegen/binding-darwin-x64": {
      "version": "0.10.2",
      "resolved": "https://registry.npmjs.org/@yuku-codegen/binding-darwin-x64/-/binding-darwin-x64-0.10.2.tgz",
      "integrity": "sha512-AJOUpR2s3LF9AWiiub/Uyc/UoXNTWcq8hK3cVI6fUSXtwh34dG21J6hRuNlO6JVJFTo4o3ScVvZOrh/YFfUEAA==",
      "cpu": [
        "x64"
      ],
      "dev": true,
      "license": "MIT",
      "optional": true,
      "os": [
        "darwin"
      ]
    },
    "node_modules/@yuku-codegen/binding-freebsd-x64": {
      "version": "0.10.2",
      "resolved": "https://registry.npmjs.org/@yuku-codegen/binding-freebsd-x64/-/binding-freebsd-x64-0.10.2.tgz",
      "integrity": "sha512-ms7DcZu87u5CiK/wMwvpKAvAmtaqKjCQIXNweMLypG6qbuiaOMQf1jpbB5+j46xBcgCovo8TQMcv0bCQLKIL9w==",
      "cpu": [
        "x64"
      ],
      "dev": true,
      "license": "MIT",
      "optional": true,
      "os": [
        "freebsd"
      ]
    },
    "node_modules/@yuku-codegen/binding-linux-arm-gnu": {
      "version": "0.10.2",
      "resolved": "https://registry.npmjs.org/@yuku-codegen/binding-linux-arm-gnu/-/binding-linux-arm-gnu-0.10.2.tgz",
      "integrity": "sha512-xJDpYAsKV5+eaiBhTYl05fvT6sst4PsCeuIFMRu9b0/WCSrNQPfCDtAQ5/MS6xNpsdujdZEPR+gmfWk3ZG5i3A==",
      "cpu": [
        "arm"
      ],
      "dev": true,
      "libc": [
        "glibc"
      ],
      "license": "MIT",
      "optional": true,
      "os": [
        "linux"
      ]
    },
    "node_modules/@yuku-codegen/binding-linux-arm-musl": {
      "version": "0.10.2",
      "resolved": "https://registry.npmjs.org/@yuku-codegen/binding-linux-arm-musl/-/binding-linux-arm-musl-0.10.2.tgz",
      "integrity": "sha512-qfTkgd7AEx61l4K9VtXWCGTxc/fmXJ4ZheDz3i+/AAJUtg4sa0bPrc0VBxPggB/rayR8Z3+JfrBItuyanBJJ9Q==",
      "cpu": [
        "arm"
      ],
      "dev": true,
      "libc": [
        "musl"
      ],
      "license": "MIT",
      "optional": true,
      "os": [
        "linux"
      ]
    },
    "node_modules/@yuku-codegen/binding-linux-arm64-gnu": {
      "version": "0.10.2",
      "resolved": "https://registry.npmjs.org/@yuku-codegen/binding-linux-arm64-gnu/-/binding-linux-arm64-gnu-0.10.2.tgz",
      "integrity": "sha512-4e6Mifm/4UdjtU3D8mATIrvgP+xEiH8xtQOjd0zpd72XKWT7ug3sdyhq2utkkZFP6BvYp7SgZrI+aR4VeIOHdw==",
      "cpu": [
        "arm64"
      ],
      "dev": true,
      "libc": [
        "glibc"
      ],
      "license": "MIT",
      "optional": true,
      "os": [
        "linux"
      ]
    },
    "node_modules/@yuku-codegen/binding-linux-arm64-musl": {
      "version": "0.10.2",
      "resolved": "https://registry.npmjs.org/@yuku-codegen/binding-linux-arm64-musl/-/binding-linux-arm64-musl-0.10.2.tgz",
      "integrity": "sha512-RdsJrUfDYFVV3JOmWFUWwSu31fa1APn12xDeIKxgl/YWxrabwtxsDBNjF2561c7tmcbiewdCUvngqRs8AyGVLA==",
      "cpu": [
        "arm64"
      ],
      "dev": true,
      "libc": [
        "musl"
      ],
      "license": "MIT",
      "optional": true,
      "os": [
        "linux"
      ]
    },
    "node_modules/@yuku-codegen/binding-linux-x64-gnu": {
      "version": "0.10.2",
      "resolved": "https://registry.npmjs.org/@yuku-codegen/binding-linux-x64-gnu/-/binding-linux-x64-gnu-0.10.2.tgz",
      "integrity": "sha512-mVzWimEPPreaPyXIUvxsHoJzvO7ckZ5j0LgQFHz04zQIRwt9A9T2hA7K5/jYjJKkMxWG/U2VjhGNwVhtyU+uqg==",
      "cpu": [
        "x64"
      ],
      "dev": true,
      "libc": [
        "glibc"
      ],
      "license": "MIT",
      "optional": true,
      "os": [
        "linux"
      ]
    },
    "node_modules/@yuku-codegen/binding-linux-x64-musl": {
      "version": "0.10.2",
      "resolved": "https://registry.npmjs.org/@yuku-codegen/binding-linux-x64-musl/-/binding-linux-x64-musl-0.10.2.tgz",
      "integrity": "sha512-Y77fyISurmr2mvO1yeq3u+x/WJbACgPR4w+lzEVx30ViCxZzIGrZPRN1yEdZ9xUNPNsIO5thBHIdRNG+UGUG+Q==",
      "cpu": [
        "x64"
      ],
      "dev": true,
      "libc": [
        "musl"
      ],
      "license": "MIT",
      "optional": true,
      "os": [
        "linux"
      ]
    },
    "node_modules/@yuku-codegen/binding-win32-arm64": {
      "version": "0.10.2",
      "resolved": "https://registry.npmjs.org/@yuku-codegen/binding-win32-arm64/-/binding-win32-arm64-0.10.2.tgz",
      "integrity": "sha512-1+tGLyG0u5YYy0lev4ck7/0sd8xJ9SZde0dLut7qLDPZV5WVTV8x6OxNXUne/PGuHZyO1vK+txPQzzHOyXHGSw==",
      "cpu": [
        "arm64"
      ],
      "dev": true,
      "license": "MIT",
      "optional": true,
      "os": [
        "win32"
      ]
    },
    "node_modules/@yuku-codegen/binding-win32-x64": {
      "version": "0.10.2",
      "resolved": "https://registry.npmjs.org/@yuku-codegen/binding-win32-x64/-/binding-win32-x64-0.10.2.tgz",
      "integrity": "sha512-8a2SExRohRbwC0MY4VpOF0/RSckrJ2ASZqAor5/RYSJJaeadR93n10gZzcKT6pY9ukiSOIZCRKVRD2tH73T0qA==",
      "cpu": [
        "x64"
      ],
      "dev": true,
      "license": "MIT",
      "optional": true,
      "os": [
        "win32"
      ]
    },
    "node_modules/@yuku-parser/binding-android-arm64": {
      "version": "0.10.2",
      "resolved": "https://registry.npmjs.org/@yuku-parser/binding-android-arm64/-/binding-android-arm64-0.10.2.tgz",
      "integrity": "sha512-2VPBU9fRGRAQ2xPAvghnec3oou5Nrxm2Bezhf+13UMspAxQSkF/32r+ySKXSwIPA5/RivumDJDxAxc301Sgicw==",
      "cpu": [
        "arm64"
      ],
      "dev": true,
      "license": "MIT",
      "optional": true,
      "os": [
        "android"
      ]
    },
    "node_modules/@yuku-parser/binding-darwin-arm64": {
      "version": "0.10.2",
      "resolved": "https://registry.npmjs.org/@yuku-parser/binding-darwin-arm64/-/binding-darwin-arm64-0.10.2.tgz",
      "integrity": "sha512-LD+PMZE51tCYTOss5HBkm3/AE39MvcMDBfWJx7A4yDcjfNbAQDnHZKtzSOuqrswx+TQHY0ws5xn6+fWOwtmfBA==",
      "cpu": [
        "arm64"
      ],
      "dev": true,
      "license": "MIT",
      "optional": true,
      "os": [
        "darwin"
      ]
    },
    "node_modules/@yuku-parser/binding-darwin-x64": {
      "version": "0.10.2",
      "resolved": "https://registry.npmjs.org/@yuku-parser/binding-darwin-x64/-/binding-darwin-x64-0.10.2.tgz",
      "integrity": "sha512-mmZ8cND+AoIIMRERyMinlg5ApHxP23B9jH2B5wT7T+dliPa9rubLxneB/SUjFwyUjGaFnB5G7t4YvpfbO5zbkQ==",
      "cpu": [
        "x64"
      ],
      "dev": true,
      "license": "MIT",
      "optional": true,
      "os": [
        "darwin"
      ]
    },
    "node_modules/@yuku-parser/binding-freebsd-x64": {
      "version": "0.10.2",
      "resolved": "https://registry.npmjs.org/@yuku-parser/binding-freebsd-x64/-/binding-freebsd-x64-0.10.2.tgz",
      "integrity": "sha512-gVIjaaIddbRfAhHlC8N809wQWml7mxfSVnzaLtzGXObTeFTPAg/YVnQXt1UOhPM1ah5eG/8Y0RUlNpB4GVe7eQ==",
      "cpu": [
        "x64"
      ],
      "dev": true,
      "license": "MIT",
      "optional": true,
      "os": [
        "freebsd"
      ]
    },
    "node_modules/@yuku-parser/binding-linux-arm-gnu": {
      "version": "0.10.2",
      "resolved": "https://registry.npmjs.org/@yuku-parser/binding-linux-arm-gnu/-/binding-linux-arm-gnu-0.10.2.tgz",
      "integrity": "sha512-q/XPPQQAPdlw05aPj30ygBhekmQryGOwxVraBgApjKK8yY1kNQgqq6XCYLF1WHSee+lhxclrTO7W0/bt7dR1GA==",
      "cpu": [
        "arm"
      ],
      "dev": true,
      "libc": [
        "glibc"
      ],
      "license": "MIT",
      "optional": true,
      "os": [
        "linux"
      ]
    },
    "node_modules/@yuku-parser/binding-linux-arm-musl": {
      "version": "0.10.2",
      "resolved": "https://registry.npmjs.org/@yuku-parser/binding-linux-arm-musl/-/binding-linux-arm-musl-0.10.2.tgz",
      "integrity": "sha512-A+Cb0I1hFF4wilTQpWs79k1aNnj4B2tkrHx3zsuUNF9BtVY2zPZ4yeQEM/zjXrS/qJlNMZVK9NrWJjwdpnTrfg==",
      "cpu": [
        "arm"
      ],
      "dev": true,
      "libc": [
        "musl"
      ],
      "license": "MIT",
      "optional": true,
      "os": [
        "linux"
      ]
    },
    "node_modules/@yuku-parser/binding-linux-arm64-gnu": {
      "version": "0.10.2",
      "resolved": "https://registry.npmjs.org/@yuku-parser/binding-linux-arm64-gnu/-/binding-linux-arm64-gnu-0.10.2.tgz",
      "integrity": "sha512-aGNSzqIqqphFwAdIFwVvKIyXD1Iy3CxrEJVIZAT87Ecyi4vCmmDD2v2l9h+Gd3/wSy3JZlOI792LJbKAjyy9rQ==",
      "cpu": [
        "arm64"
      ],
      "dev": true,
      "libc": [
        "glibc"
      ],
      "license": "MIT",
      "optional": true,
      "os": [
        "linux"
      ]
    },
    "node_modules/@yuku-parser/binding-linux-arm64-musl": {
      "version": "0.10.2",
      "resolved": "https://registry.npmjs.org/@yuku-parser/binding-linux-arm64-musl/-/binding-linux-arm64-musl-0.10.2.tgz",
      "integrity": "sha512-Ddl1sF0rtuCXyHGSOV6dcmdx+ETv1iD+IVFqQuOjzkJZWclxJxdBWX6ZJMRtTiGqGUTbqLEKiTXxpR/Bvqk+2A==",
      "cpu": [
        "arm64"
      ],
      "dev": true,
      "libc": [
        "musl"
      ],
      "license": "MIT",
      "optional": true,
      "os": [
        "linux"
      ]
    },
    "node_modules/@yuku-parser/binding-linux-x64-gnu": {
      "version": "0.10.2",
      "resolved": "https://registry.npmjs.org/@yuku-parser/binding-linux-x64-gnu/-/binding-linux-x64-gnu-0.10.2.tgz",
      "integrity": "sha512-/nlcpR6IF5U+0m5L9wvAIXeQa2DT+BXuvqKDsTcOTlcc0B4dHNyqE5hTXsS4hAyimpy2ZK8A1zMNF5hTrjg2cg==",
      "cpu": [
        "x64"
      ],
      "dev": true,
      "libc": [
        "glibc"
      ],
      "license": "MIT",
      "optional": true,
      "os": [
        "linux"
      ]
    },
    "node_modules/@yuku-parser/binding-linux-x64-musl": {
      "version": "0.10.2",
      "resolved": "https://registry.npmjs.org/@yuku-parser/binding-linux-x64-musl/-/binding-linux-x64-musl-0.10.2.tgz",
      "integrity": "sha512-GX80dxTQD/M/OryyuxJcFzFENzry3cDFPvCFTyWogNWQH3fSHfMrNfpwpl1YzMos1eV9NygK5GSDG7VArQlb4w==",
      "cpu": [
        "x64"
      ],
      "dev": true,
      "libc": [
        "musl"
      ],
      "license": "MIT",
      "optional": true,
      "os": [
        "linux"
      ]
    },
    "node_modules/@yuku-parser/binding-win32-arm64": {
      "version": "0.10.2",
      "resolved": "https://registry.npmjs.org/@yuku-parser/binding-win32-arm64/-/binding-win32-arm64-0.10.2.tgz",
      "integrity": "sha512-agePQBV4VHewiGU0ACSjscZ/hJd283f9JfAF19Gf1rI5+wy5tTgx4GS36i0b3xim15AQ4RCpDRosEvhLZ4zAOw==",
      "cpu": [
        "arm64"
      ],
      "dev": true,
      "license": "MIT",
      "optional": true,
      "os": [
        "win32"
      ]
    },
    "node_modules/@yuku-parser/binding-win32-x64": {
      "version": "0.10.2",
      "resolved": "https://registry.npmjs.org/@yuku-parser/binding-win32-x64/-/binding-win32-x64-0.10.2.tgz",
      "integrity": "sha512-s8//CMpgL5+y1lvDCdyh1rwGI5+ytDJywFJRe1vnhI7n0j+caxshNucurikYLLVeQ2SYFex6aPrzgQxkabBQRA==",
      "cpu": [
        "x64"
      ],
      "dev": true,
      "license": "MIT",
      "optional": true,
      "os": [
        "win32"
      ]
    },
    "node_modules/@yuku-toolchain/types": {
      "version": "0.10.2",
      "resolved": "https://registry.npmjs.org/@yuku-toolchain/types/-/types-0.10.2.tgz",
      "integrity": "sha512-sSeo4SSSToiS+sSD+bwn/s94EEcaLJ7tG5LCp8gFYC1G5VzxzX7fqB6m9RU1yMD8KTpu6zdU/I1NlQf8hVBJ9Q==",
      "dev": true,
      "license": "MIT"
    },
    "node_modules/arctic": {
      "version": "3.7.0",
      "resolved": "https://registry.npmjs.org/arctic/-/arctic-3.7.0.tgz",
      "integrity": "sha512-ZMQ+f6VazDgUJOd+qNV+H7GohNSYal1mVjm5kEaZfE2Ifb7Ss70w+Q7xpJC87qZDkMZIXYf0pTIYZA0OPasSbw==",
      "license": "MIT",
      "dependencies": {
        "@oslojs/crypto": "1.0.1",
        "@oslojs/encoding": "1.1.0",
        "@oslojs/jwt": "0.2.0"
      }
    },
    "node_modules/cookie-es": {
      "version": "3.1.1",
      "resolved": "https://registry.npmjs.org/cookie-es/-/cookie-es-3.1.1.tgz",
      "integrity": "sha512-UaXxwISYJPTr9hwQxMFYZ7kNhSXboMXP+Z3TRX6f1/NyaGPfuNUZOWP1pUEb75B2HjfklIYLVRfWiFZJyC6Npg==",
      "license": "MIT",
      "peer": true
    },
    "node_modules/defu": {
      "version": "6.1.7",
      "resolved": "https://registry.npmjs.org/defu/-/defu-6.1.7.tgz",
      "integrity": "sha512-7z22QmUWiQ/2d0KkdYmANbRUVABpZ9SNYyH5vx6PZ+nE5bcC0l7uFvEfHlyld/HcGBFTL536ClDt3DEcSlEJAQ==",
      "dev": true,
      "license": "MIT"
    },
    "node_modules/dts-resolver": {
      "version": "3.0.0",
      "resolved": "https://registry.npmjs.org/dts-resolver/-/dts-resolver-3.0.0.tgz",
      "integrity": "sha512-1T1f+z+4tl9XD+m+0HBgWoL/nm0bOIffyWaUuUSBlFg/86IWvfx+wjNaO/ybU0AJzG9/Mi5hBUgGV6zCmWEN7Q==",
      "dev": true,
      "license": "MIT",
      "engines": {
        "node": "^22.18.0 || >=24.0.0"
      },
      "funding": {
        "url": "https://github.com/sponsors/sxzz"
      },
      "peerDependencies": {
        "oxc-resolver": ">=11.0.0"
      },
      "peerDependenciesMeta": {
        "oxc-resolver": {
          "optional": true
        }
      }
    },
    "node_modules/empathic": {
      "version": "2.0.1",
      "resolved": "https://registry.npmjs.org/empathic/-/empathic-2.0.1.tgz",
      "integrity": "sha512-YGRs8knHhKHVShLkFET/rWAU8kmHbOV5LwN938RHI0pljAJ1Gf6SzXsSmRaEzcXTtOOmVqJ5+WtQPL5uigY50Q==",
      "dev": true,
      "license": "MIT",
      "engines": {
        "node": ">=14"
      }
    },
    "node_modules/fdir": {
      "version": "6.5.0",
      "resolved": "https://registry.npmjs.org/fdir/-/fdir-6.5.0.tgz",
      "integrity": "sha512-tIbYtZbucOs0BRGqPJkshJUYdL+SDH7dVM8gjy+ERp3WAUjLEFJE+02kanyHtwjWOnwrKYBiwAmM0p4kLJAnXg==",
      "dev": true,
      "license": "MIT",
      "engines": {
        "node": ">=12.0.0"
      },
      "peerDependencies": {
        "picomatch": "^3 || ^4"
      },
      "peerDependenciesMeta": {
        "picomatch": {
          "optional": true
        }
      }
    },
    "node_modules/get-tsconfig": {
      "version": "5.0.0-beta.6",
      "resolved": "https://registry.npmjs.org/get-tsconfig/-/get-tsconfig-5.0.0-beta.6.tgz",
      "integrity": "sha512-X6fBC0pmImC70gvX2zm56go9hx0MyoGVdG0tUCkg/D+Xnh5TJsOZ7iDbOdI3PvmtrDxnu1YdDufpK2QJX1Meqw==",
      "dev": true,
      "license": "MIT",
      "dependencies": {
        "resolve-pkg-maps": "^1.0.0"
      },
      "engines": {
        "node": ">=20.20.0"
      },
      "funding": {
        "url": "https://github.com/privatenumber/get-tsconfig?sponsor=1"
      }
    },
    "node_modules/hookable": {
      "version": "6.1.1",
      "resolved": "https://registry.npmjs.org/hookable/-/hookable-6.1.1.tgz",
      "integrity": "sha512-U9LYDy1CwhMCnprUfeAZWZGByVbhd54hwepegYTK7Pi5NvqEj63ifz5z+xukznehT7i6NIZRu89Ay1AZmRsLEQ==",
      "dev": true,
      "license": "MIT"
    },
    "node_modules/import-without-cache": {
      "version": "0.4.0",
      "resolved": "https://registry.npmjs.org/import-without-cache/-/import-without-cache-0.4.0.tgz",
      "integrity": "sha512-NkJQA7oZ4YHQhd2+H3BoRFKF3d/XNsiKpHZCQEMH9pDX27hQQLsTyOocyRgaIVtf8gHX3Nt3LPkR4e5EdtPAGQ==",
      "dev": true,
      "license": "MIT",
      "engines": {
        "node": "^22.18.0 || >=24.0.0"
      },
      "funding": {
        "url": "https://github.com/sponsors/sxzz"
      }
    },
    "node_modules/obug": {
      "version": "2.2.1",
      "resolved": "https://registry.npmjs.org/obug/-/obug-2.2.1.tgz",
      "integrity": "sha512-XrsrhT5sybtKI6wakr2SPOlGZWWYbUXZ7a0jT8/QOeAPau+1X/bSegNe5YR75oJmEZQbKningirmGOEJCIk61Q==",
      "dev": true,
      "funding": [
        "https://github.com/sponsors/sxzz",
        "https://opencollective.com/debug"
      ],
      "license": "MIT",
      "engines": {
        "node": ">=12.20.0"
      }
    },
    "node_modules/picomatch": {
      "version": "4.0.7",
      "resolved": "https://registry.npmjs.org/picomatch/-/picomatch-4.0.7.tgz",
      "integrity": "sha512-qcJu88Q2IWqJsDD529JKMdwGm/dvInW4HvQnRwiH9JtihJvzGOscDtHE3x1pBKeUOTysQ8kVmLnJ2kJu7yhcGA==",
      "dev": true,
      "license": "MIT",
      "engines": {
        "node": ">=12"
      },
      "funding": {
        "url": "https://github.com/sponsors/jonschlinkert"
      }
    },
    "node_modules/quansync": {
      "version": "1.0.0",
      "resolved": "https://registry.npmjs.org/quansync/-/quansync-1.0.0.tgz",
      "integrity": "sha512-5xZacEEufv3HSTPQuchrvV6soaiACMFnq1H8wkVioctoH3TRha9Sz66lOxRwPK/qZj7HPiSveih9yAyh98gvqA==",
      "dev": true,
      "funding": [
        {
          "type": "individual",
          "url": "https://github.com/sponsors/antfu"
        },
        {
          "type": "individual",
          "url": "https://github.com/sponsors/sxzz"
        }
      ],
      "license": "MIT"
    },
    "node_modules/react": {
      "version": "19.2.8",
      "resolved": "https://registry.npmjs.org/react/-/react-19.2.8.tgz",
      "integrity": "sha512-PWaYA1L/q9u2u7xYQi+Y3L3Yfnie7XyLeaJICV1MGD6LprsBxcAqGjYyr0eY3p+QdsA+x/Irkt4Qif8D63+Sbw==",
      "license": "MIT",
      "peer": true,
      "engines": {
        "node": ">=0.10.0"
      }
    },
    "node_modules/react-router": {
      "version": "8.3.0",
      "resolved": "https://registry.npmjs.org/react-router/-/react-router-8.3.0.tgz",
      "integrity": "sha512-qyPMvW83jGIct3yiieisxdk9M745anqhpIMKN5m1t6yBMfgVPpt77aHOqs5fUlEJRMCGffg9BaQLH9oPVOL7xQ==",
      "license": "MIT",
      "peer": true,
      "dependencies": {
        "cookie-es": "^3.1.1"
      },
      "engines": {
        "node": ">=22.22.0"
      },
      "peerDependencies": {
        "react": ">=19.2.7",
        "react-dom": ">=19.2.7"
      },
      "peerDependenciesMeta": {
        "react-dom": {
          "optional": true
        }
      }
    },
    "node_modules/remix-auth": {
      "version": "4.2.0",
      "resolved": "https://registry.npmjs.org/remix-auth/-/remix-auth-4.2.0.tgz",
      "integrity": "sha512-3LSfWEvSgG2CgbG/p4ge5hbV8tTXWNnnYIGbTr9oSSiHz9dD7wh6S0MEyo3pwh7MlKezB2WIlevGeyqUZykk7g==",
      "funding": [
        "https://github.com/sponsors/sergiodxa"
      ],
      "license": "MIT",
      "peer": true,
      "engines": {
        "node": ">=20.0.0"
      }
    },
    "node_modules/remix-auth-oauth2": {
      "version": "3.4.1",
      "resolved": "https://registry.npmjs.org/remix-auth-oauth2/-/remix-auth-oauth2-3.4.1.tgz",
      "integrity": "sha512-ZhGon1czdIsOw1/O9EcTCzapZB6FpT3u9vtXSVeEMwGNs+iWljRsibnUC1RtwJbzzCdLBSwIXTNTbiRmLZ4cZw==",
      "funding": [
        "https://github.com/sponsors/sergiodxa"
      ],
      "license": "MIT",
      "dependencies": {
        "@edgefirst-dev/data": "^0.0.4",
        "@mjackson/headers": "^0.10.0",
        "arctic": "^3.0.0"
      },
      "engines": {
        "node": "^20.0.0 || >=20.0.0"
      },
      "peerDependencies": {
        "remix-auth": "^4.0.0"
      }
    },
    "node_modules/resolve-pkg-maps": {
      "version": "1.0.0",
      "resolved": "https://registry.npmjs.org/resolve-pkg-maps/-/resolve-pkg-maps-1.0.0.tgz",
      "integrity": "sha512-seS2Tj26TBVOC2NIc2rOe2y2ZO7efxITtLZcGSOnHHNOQ7CkiUBfw0Iw2ck6xkIhPwLhKNLS8BO+hEpngQlqzw==",
      "dev": true,
      "license": "MIT",
      "funding": {
        "url": "https://github.com/privatenumber/resolve-pkg-maps?sponsor=1"
      }
    },
    "node_modules/rolldown": {
      "version": "1.2.9",
      "resolved": "https://registry.npmjs.org/rolldown/-/rolldown-1.2.9.tgz",
      "integrity": "sha512-hx/Pv0N1haXRb11qkfnK5MXB/iqr7i0yjWQqmO9uHqZpBgQSqzc8UsSnEpalsh+j1I8qQ2CkXAkJC8Br3dKSlg==",
      "dev": true,
      "license": "MIT",
      "dependencies": {
        "@oxc-project/types": "=0.150.0",
        "@rolldown/pluginutils": "^1.0.0"
      },
      "bin": {
        "rolldown": "bin/cli.mjs"
      },
      "engines": {
        "node": "^20.19.0 || >=22.12.0"
      },
      "optionalDependencies": {
        "@rolldown/binding-android-arm-eabi": "1.2.9",
        "@rolldown/binding-android-arm64": "1.2.9",
        "@rolldown/binding-darwin-arm64": "1.2.9",
        "@rolldown/binding-darwin-x64": "1.2.9",
        "@rolldown/binding-freebsd-x64": "1.2.9",
        "@rolldown/binding-linux-arm-gnueabihf": "1.2.9",
        "@rolldown/binding-linux-arm64-gnu": "1.2.9",
        "@rolldown/binding-linux-arm64-musl": "1.2.9",
        "@rolldown/binding-linux-ppc64-gnu": "1.2.9",
        "@rolldown/binding-linux-s390x-gnu": "1.2.9",
        "@rolldown/binding-linux-x64-gnu": "1.2.9",
        "@rolldown/binding-linux-x64-musl": "1.2.9",
        "@rolldown/binding-openharmony-arm64": "1.2.9",
        "@rolldown/binding-win32-arm64-msvc": "1.2.9",
        "@rolldown/binding-win32-x64-msvc": "1.2.9"
      }
    },
    "node_modules/rolldown-plugin-dts": {
      "version": "0.28.6",
      "resolved": "https://registry.npmjs.org/rolldown-plugin-dts/-/rolldown-plugin-dts-0.28.6.tgz",
      "integrity": "sha512-qKrFtBfRfR2hP233m7Ic9zf3wv6MSYdZghWKMdEO6dRYZGlNfINJAa1P5ZVvyHh3mrcd7IJQvIY8L9vnm+v5rQ==",
      "dev": true,
      "license": "MIT",
      "dependencies": {
        "dts-resolver": "^3.0.0",
        "get-tsconfig": "5.0.0-beta.6",
        "obug": "^3.0.0",
        "yuku-ast": "^0.10.1",
        "yuku-codegen": "^0.10.1",
        "yuku-parser": "^0.10.1"
      },
      "engines": {
        "node": "^22.18.0 || ^24.11.0 || >=26.0.0"
      },
      "funding": {
        "url": "https://github.com/sponsors/sxzz"
      },
      "peerDependencies": {
        "@typescript/native-preview": "*",
        "@volar/typescript": "~2.4.0",
        "@vue/language-core": "~3.2.0 || ~3.3.0",
        "rolldown": "^1.2.0",
        "typescript": "^5.0.0 || ^6.0.0 || ~7.0.0",
        "vue-tsc": "~3.2.0 || ~3.3.0"
      },
      "peerDependenciesMeta": {
        "@typescript/native-preview": {
          "optional": true
        },
        "@volar/typescript": {
          "optional": true
        },
        "@vue/language-core": {
          "optional": true
        },
        "typescript": {
          "optional": true
        },
        "vue-tsc": {
          "optional": true
        }
      }
    },
    "node_modules/rolldown-plugin-dts/node_modules/obug": {
      "version": "3.0.0",
      "resolved": "https://registry.npmjs.org/obug/-/obug-3.0.0.tgz",
      "integrity": "sha512-5vvB5+W7ePv+p3uqxi+RcW1XAzLW0/hxt3/4X4Lc4qHudzOhmBiBwOY6DRob4WnanAEGvNcLjF+KNOufrUoEQw==",
      "dev": true,
      "funding": [
        "https://github.com/sponsors/sxzz",
        "https://opencollective.com/debug"
      ],
      "license": "MIT",
      "engines": {
        "node": ">=12.20.0"
      }
    },
    "node_modules/tinyexec": {
      "version": "1.3.1",
      "resolved": "https://registry.npmjs.org/tinyexec/-/tinyexec-1.3.1.tgz",
      "integrity": "sha512-GCvB3aoys96IuDFBMcTB46JOR6mdMtAToqwiW8JlWhsoh1mhHi/xn9ss/Dg7N555GiJyEt2qzoG/NHCwM6h1EA==",
      "dev": true,
      "license": "MIT",
      "engines": {
        "node": ">=18"
      }
    },
    "node_modules/tinyglobby": {
      "version": "0.2.17",
      "resolved": "https://registry.npmjs.org/tinyglobby/-/tinyglobby-0.2.17.tgz",
      "integrity": "sha512-wXR/dYpcqKmfWpEdZjiKJOwCNFndD0DMnrW/cYjVGttEkBfVgcLFHoNrlj47mjOVic9yyNu65alsgF4NQyTa2g==",
      "dev": true,
      "license": "MIT",
      "dependencies": {
        "fdir": "^6.5.0",
        "picomatch": "^4.0.4"
      },
      "engines": {
        "node": ">=12.0.0"
      },
      "funding": {
        "url": "https://github.com/sponsors/SuperchupuDev"
      }
    },
    "node_modules/tree-kill": {
      "version": "1.2.2",
      "resolved": "https://registry.npmjs.org/tree-kill/-/tree-kill-1.2.2.tgz",
      "integrity": "sha512-L0Orpi8qGpRG//Nd+H90vFB+3iHnue1zSSGmNOOCh1GLJ7rUKVwV2HvijphGQS2UmhUZewS9VgvxYIdgr+fG1A==",
      "dev": true,
      "license": "MIT",
      "bin": {
        "tree-kill": "cli.js"
      }
    },
    "node_modules/tsdown": {
      "version": "0.23.0",
      "resolved": "https://registry.npmjs.org/tsdown/-/tsdown-0.23.0.tgz",
      "integrity": "sha512-BaT+ep1xnj5hdyICLd5r5SYYE+TXnI1ATePLykv9vcKpHpFTWUWRH+x1AF/E2qcu3YB6+vI8IdyxIIIffEqw5Q==",
      "dev": true,
      "license": "MIT",
      "dependencies": {
        "cac": "^7.0.0",
        "defu": "^6.1.7",
        "empathic": "^2.0.1",
        "hookable": "^6.1.1",
        "import-without-cache": "^0.4.0",
        "obug": "^2.1.4",
        "picomatch": "^4.0.7",
        "rolldown": "~1.2.7",
        "rolldown-plugin-dts": "^0.28.5",
        "tinyexec": "^1.3.1",
        "tinyglobby": "^0.2.17",
        "tree-kill": "^1.2.2",
        "unconfig-core": "^7.5.0",
        "verkit": "^0.4.0"
      },
      "bin": {
        "tsdown": "dist/run.mjs"
      },
      "engines": {
        "node": "^22.18.0 || ^24.11.0 || >=26.0.0"
      },
      "funding": {
        "url": "https://github.com/sponsors/sxzz"
      },
      "peerDependencies": {
        "@arethetypeswrong/core": "^0.18.1",
        "@tsdown/css": "0.23.0",
        "@tsdown/exe": "0.23.0",
        "@vitejs/devtools": "*",
        "publint": "^0.3.8",
        "tsx": "*",
        "typescript": "^5.0.0 || ^6.0.0 || ^7.0.0",
        "unplugin-unused": ">=0.5.0",
        "unrun": "*"
      },
      "peerDependenciesMeta": {
        "@arethetypeswrong/core": {
          "optional": true
        },
        "@tsdown/css": {
          "optional": true
        },
        "@tsdown/exe": {
          "optional": true
        },
        "@vitejs/devtools": {
          "optional": true
        },
        "publint": {
          "optional": true
        },
        "tsx": {
          "optional": true
        },
        "typescript": {
          "optional": true
        },
        "unplugin-unused": {
          "optional": true
        },
        "unrun": {
          "optional": true
        }
      }
    },
    "node_modules/tsdown/node_modules/cac": {
      "version": "7.0.0",
      "resolved": "https://registry.npmjs.org/cac/-/cac-7.0.0.tgz",
      "integrity": "sha512-tixWYgm5ZoOD+3g6UTea91eow5z6AAHaho3g0V9CNSNb45gM8SmflpAc+GRd1InC4AqN/07Unrgp56Y94N9hJQ==",
      "dev": true,
      "license": "MIT",
      "engines": {
        "node": ">=20.19.0"
      }
    },
    "node_modules/typescript": {
      "version": "6.0.3",
      "resolved": "https://registry.npmjs.org/typescript/-/typescript-6.0.3.tgz",
      "integrity": "sha512-y2TvuxSZPDyQakkFRPZHKFm+KKVqIisdg9/CZwm9ftvKXLP8NRWj38/ODjNbr43SsoXqNuAisEf1GdCxqWcdBw==",
      "dev": true,
      "license": "Apache-2.0",
      "bin": {
        "tsc": "bin/tsc",
        "tsserver": "bin/tsserver"
      },
      "engines": {
        "node": ">=14.17"
      }
    },
    "node_modules/unconfig-core": {
      "version": "7.5.0",
      "resolved": "https://registry.npmjs.org/unconfig-core/-/unconfig-core-7.5.0.tgz",
      "integrity": "sha512-Su3FauozOGP44ZmKdHy2oE6LPjk51M/TRRjHv2HNCWiDvfvCoxC2lno6jevMA91MYAdCdwP05QnWdWpSbncX/w==",
      "dev": true,
      "license": "MIT",
      "dependencies": {
        "@quansync/fs": "^1.0.0",
        "quansync": "^1.0.0"
      },
      "funding": {
        "url": "https://github.com/sponsors/antfu"
      }
    },
    "node_modules/verkit": {
      "version": "0.4.1",
      "resolved": "https://registry.npmjs.org/verkit/-/verkit-0.4.1.tgz",
      "integrity": "sha512-mMVzj0TXExtVdlDEq+Mzp0eyOuyznNpFobNM3uAqe3HVm/Ps2c+u17BligMkZjZCA6EiXpoon8iRTer3iu40SQ==",
      "dev": true,
      "license": "MIT",
      "engines": {
        "node": ">=18.12.0"
      },
      "funding": {
        "url": "https://github.com/sponsors/sxzz"
      }
    },
    "node_modules/yuku-ast": {
      "version": "0.10.2",
      "resolved": "https://registry.npmjs.org/yuku-ast/-/yuku-ast-0.10.2.tgz",
      "integrity": "sha512-UnG9mA6giglCvSErft2/40TVFX750Sj1xgwddPLpG7J7rlr/P1wPADg9G2RK+d/1tNLtRVoLdMMOMVBB9561TQ==",
      "dev": true,
      "license": "MIT",
      "dependencies": {
        "@yuku-toolchain/types": "^0.10.2"
      }
    },
    "node_modules/yuku-codegen": {
      "version": "0.10.2",
      "resolved": "https://registry.npmjs.org/yuku-codegen/-/yuku-codegen-0.10.2.tgz",
      "integrity": "sha512-hentl2dtrF6cPjiAirtkfxfFZBA6Hdm61UqRJ7cA0qrlDNMk9PZGOjw5w1mx3E0hu/6pHcJF4dJW+D0SXHPZOA==",
      "dev": true,
      "license": "MIT",
      "dependencies": {
        "@yuku-toolchain/types": "^0.10.2"
      },
      "optionalDependencies": {
        "@yuku-codegen/binding-android-arm64": "0.10.2",
        "@yuku-codegen/binding-darwin-arm64": "0.10.2",
        "@yuku-codegen/binding-darwin-x64": "0.10.2",
        "@yuku-codegen/binding-freebsd-x64": "0.10.2",
        "@yuku-codegen/binding-linux-arm-gnu": "0.10.2",
        "@yuku-codegen/binding-linux-arm-musl": "0.10.2",
        "@yuku-codegen/binding-linux-arm64-gnu": "0.10.2",
        "@yuku-codegen/binding-linux-arm64-musl": "0.10.2",
        "@yuku-codegen/binding-linux-x64-gnu": "0.10.2",
        "@yuku-codegen/binding-linux-x64-musl": "0.10.2",
        "@yuku-codegen/binding-win32-arm64": "0.10.2",
        "@yuku-codegen/binding-win32-x64": "0.10.2"
      }
    },
    "node_modules/yuku-parser": {
      "version": "0.10.2",
      "resolved": "https://registry.npmjs.org/yuku-parser/-/yuku-parser-0.10.2.tgz",
      "integrity": "sha512-CgaU0/PPjCAIEZ3WQroosOxTY3eeKldAN3h+vk8pMNz4+jl1CZzBR4pW+K/rRPF112VooCL5FdjJoiMNjDrL2A==",
      "dev": true,
      "license": "MIT",
      "dependencies": {
        "@yuku-toolchain/types": "^0.10.2",
        "yuku-ast": "^0.10.2"
      },
      "optionalDependencies": {
        "@yuku-parser/binding-android-arm64": "0.10.2",
        "@yuku-parser/binding-darwin-arm64": "0.10.2",
        "@yuku-parser/binding-darwin-x64": "0.10.2",
        "@yuku-parser/binding-freebsd-x64": "0.10.2",
        "@yuku-parser/binding-linux-arm-gnu": "0.10.2",
        "@yuku-parser/binding-linux-arm-musl": "0.10.2",
        "@yuku-parser/binding-linux-arm64-gnu": "0.10.2",
        "@yuku-parser/binding-linux-arm64-musl": "0.10.2",
        "@yuku-parser/binding-linux-x64-gnu": "0.10.2",
        "@yuku-parser/binding-linux-x64-musl": "0.10.2",
        "@yuku-parser/binding-win32-arm64": "0.10.2",
        "@yuku-parser/binding-win32-x64": "0.10.2"
      }
    },
    "node_modules/zod": {
      "version": "4.4.3",
      "resolved": "https://registry.npmjs.org/zod/-/zod-4.4.3.tgz",
      "integrity": "sha512-ytENFjIJFl2UwYglde2jchW2Hwm4GJFLDiSXWdTrJQBIN9Fcyp7n4DhxJEiWNAJMV1/BqWfW/kkg71UDcHJyTQ==",
      "license": "MIT",
      "peer": true,
      "funding": {
        "url": "https://github.com/sponsors/colinhacks"
      }
    }
  }
}
